
Microsoft Visual Studio Solution File, Format Version 12.00
# Visual Studio 15
VisualStudioVersion = 15.0.28307.705
MinimumVisualStudioVersion = 10.0.40219.1
Project("{8BC9CEB8-8B4A-11D0-8D11-00A0C91BC942}") = "DXEngine01_WinSetup", "DXEngine01_WinSetup\DXEngine01_WinSetup.vcxproj", "{52FCE03C-FB4A-4B59-887C-16D265B731B5}"
EndProject
Project("{8BC9CEB8-8B4A-11D0-8D11-00A0C91BC942}") = "DXEngine02_DXSetup", "DXEngine02_DXSetup\DXEngine02_DXSetup.vcxproj", "{D6CEFA6A-40AA-4FA9-8E51-23803D528DEF}"
EndProject
Project("{8BC9CEB8-8B4A-11D0-8D11-00A0C91BC942}") = "DXEngine03_Draw", "DXEngine03_Draw\DXEngine03_Draw.vcxproj", "{CCFC087A-3BC4-4D90-AAF0-C4381A6EA459}"
EndProject
Project("{8BC9CEB8-8B4A-11D0-8D11-00A0C91BC942}") = "DXEngine04_VertexColor", "DXEngine04_VertexColor\DXEngine04_VertexColor.vcxproj", "{FCA78DB9-EB27-49A3-A7AF-BFB64A5CE6E2}"
EndProject
Project("{8BC9CEB8-8B4A-11D0-8D11-00A0C91BC942}") = "DXEngine05_IndexBuffer", "DXEngine05_IndexBuffer\DXEngine05_IndexBuffer.vcxproj", "{90540B71-281E-4054-8F60-9BBA429C4E27}"
EndProject
Project("{8BC9CEB8-8B4A-11D0-8D11-00A0C91BC942}") = "DXEngine06_WVP", "DXEngine06_WVP\DXEngine06_WVP.vcxproj", "{A1E6AE50-5102-45A5-9909-3159EDBCFBE0}"
EndProject
Project("{8BC9CEB8-8B4A-11D0-8D11-00A0C91BC942}") = "DXEngine07_TextureMapping", "DXEngine07_TextureMapping\DXEngine07_TextureMapping.vcxproj", "{1ABDD00B-9655-4AC3-B98D-8867D9995B42}"
EndProject
Global
	GlobalSection(SolutionConfigurationPlatforms) = preSolution
		Debug|x64 = Debug|x64
		Debug|x86 = Debug|x86
		Release|x64 = Release|x64
		Release|x86 = Release|x86
	EndGlobalSection
	GlobalSection(ProjectConfigurationPlatforms) = postSolution
		{52FCE03C-FB4A-4B59-887C-16D265B731B5}.Debug|x64.ActiveCfg = Debug|x64
		{52FCE03C-FB4A-4B59-887C-16D265B731B5}.Debug|x64.Build.0 = Debug|x64
		{52FCE03C-FB4A-4B59-887C-16D265B731B5}.Debug|x86.ActiveCfg = Debug|Win32
		{52FCE03C-FB4A-4B59-887C-16D265B731B5}.Debug|x86.Build.0 = Debug|Win32
		{52FCE03C-FB4A-4B59-887C-16D265B731B5}.Release|x64.ActiveCfg = Release|x64
		{52FCE03C-FB4A-4B59-887C-16D265B731B5}.Release|x64.Build.0 = Release|x64
		{52FCE03C-FB4A-4B59-887C-16D265B731B5}.Release|x86.ActiveCfg = Release|Win32
		{52FCE03C-FB4A-4B59-887C-16D265B731B5}.Release|x86.Build.0 = Release|Win32
		{D6CEFA6A-40AA-4FA9-8E51-23803D528DEF}.Debug|x64.ActiveCfg = Debug|x64
		{D6CEFA6A-40AA-4FA9-8E51-23803D528DEF}.Debug|x64.Build.0 = Debug|x64
		{D6CEFA6A-40AA-4FA9-8E51-23803D528DEF}.Debug|x86.ActiveCfg = Debug|Win32
		{D6CEFA6A-40AA-4FA9-8E51-23803D528DEF}.Debug|x86.Build.0 = Debug|Win32
		{D6CEFA6A-40AA-4FA9-8E51-23803D528DEF}.Release|x64.ActiveCfg = Release|x64
		{D6CEFA6A-40AA-4FA9-8E51-23803D528DEF}.Release|x64.Build.0 = Release|x64
		{D6CEFA6A-40AA-4FA9-8E51-23803D528DEF}.Release|x86.ActiveCfg = Release|Win32
		{D6CEFA6A-40AA-4FA9-8E51-23803D528DEF}.Release|x86.Build.0 = Release|Win32
		{CCFC087A-3BC4-4D90-AAF0-C4381A6EA459}.Debug|x64.ActiveCfg = Debug|x64
		{CCFC087A-3BC4-4D90-AAF0-C4381A6EA459}.Debug|x64.Build.0 = Debug|x64
		{CCFC087A-3BC4-4D90-AAF0-C4381A6EA459}.Debug|x86.ActiveCfg = Debug|Win32
		{CCFC087A-3BC4-4D90-AAF0-C4381A6EA459}.Debug|x86.Build.0 = Debug|Win32
		{CCFC087A-3BC4-4D90-AAF0-C4381A6EA459}.Release|x64.ActiveCfg = Release|x64
		{CCFC087A-3BC4-4D90-AAF0-C4381A6EA459}.Release|x64.Build.0 = Release|x64
		{CCFC087A-3BC4-4D90-AAF0-C4381A6EA459}.Release|x86.ActiveCfg = Release|Win32
		{CCFC087A-3BC4-4D90-AAF0-C4381A6EA459}.Release|x86.Build.0 = Release|Win32
		{FCA78DB9-EB27-49A3-A7AF-BFB64A5CE6E2}.Debug|x64.ActiveCfg = Debug|x64
		{FCA78DB9-EB27-49A3-A7AF-BFB64A5CE6E2}.Debug|x64.Build.0 = Debug|x64
		{FCA78DB9-EB27-49A3-A7AF-BFB64A5CE6E2}.Debug|x86.ActiveCfg = Debug|Win32
		{FCA78DB9-EB27-49A3-A7AF-BFB64A5CE6E2}.Debug|x86.Build.0 = Debug|Win32
		{FCA78DB9-EB27-49A3-A7AF-BFB64A5CE6E2}.Release|x64.ActiveCfg = Release|x64
		{FCA78DB9-EB27-49A3-A7AF-BFB64A5CE6E2}.Release|x64.Build.0 = Release|x64
		{FCA78DB9-EB27-49A3-A7AF-BFB64A5CE6E2}.Release|x86.ActiveCfg = Release|Win32
		{FCA78DB9-EB27-49A3-A7AF-BFB64A5CE6E2}.Release|x86.Build.0 = Release|Win32
		{90540B71-281E-4054-8F60-9BBA429C4E27}.Debug|x64.ActiveCfg = Debug|x64
		{90540B71-281E-4054-8F60-9BBA429C4E27}.Debug|x64.Build.0 = Debug|x64
		{90540B71-281E-4054-8F60-9BBA429C4E27}.Debug|x86.ActiveCfg = Debug|Win32
		{90540B71-281E-4054-8F60-9BBA429C4E27}.Debug|x86.Build.0 = Debug|Win32
		{90540B71-281E-4054-8F60-9BBA429C4E27}.Release|x64.ActiveCfg = Release|x64
		{90540B71-281E-4054-8F60-9BBA429C4E27}.Release|x64.Build.0 = Release|x64
		{90540B71-281E-4054-8F60-9BBA429C4E27}.Release|x86.ActiveCfg = Release|Win32
		{90540B71-281E-4054-8F60-9BBA429C4E27}.Release|x86.Build.0 = Release|Win32
		{A1E6AE50-5102-45A5-9909-3159EDBCFBE0}.Debug|x64.ActiveCfg = Debug|x64
		{A1E6AE50-5102-45A5-9909-3159EDBCFBE0}.Debug|x64.Build.0 = Debug|x64
		{A1E6AE50-5102-45A5-9909-3159EDBCFBE0}.Debug|x86.ActiveCfg = Debug|Win32
		{A1E6AE50-5102-45A5-9909-3159EDBCFBE0}.Debug|x86.Build.0 = Debug|Win32
		{A1E6AE50-5102-45A5-9909-3159EDBCFBE0}.Release|x64.ActiveCfg = Release|x64
		{A1E6AE50-5102-45A5-9909-3159EDBCFBE0}.Release|x64.Build.0 = Release|x64
		{A1E6AE50-5102-45A5-9909-3159EDBCFBE0}.Release|x86.ActiveCfg = Release|Win32
		{A1E6AE50-5102-45A5-9909-3159EDBCFBE0}.Release|x86.Build.0 = Release|Win32
		{1ABDD00B-9655-4AC3-B98D-8867D9995B42}.Debug|x64.ActiveCfg = Debug|x64
		{1ABDD00B-9655-4AC3-B98D-8867D9995B42}.Debug|x64.Build.0 = Debug|x64
		{1ABDD00B-9655-4AC3-B98D-8867D9995B42}.Debug|x86.ActiveCfg = Debug|Win32
		{1ABDD00B-9655-4AC3-B98D-8867D9995B42}.Debug|x86.Build.0 = Debug|Win32
		{1ABDD00B-9655-4AC3-B98D-8867D9995B42}.Release|x64.ActiveCfg = Release|x64
		{1ABDD00B-9655-4AC3-B98D-8867D9995B42}.Release|x64.Build.0 = Release|x64
		{1ABDD00B-9655-4AC3-B98D-8867D9995B42}.Release|x86.ActiveCfg = Release|Win32
		{1ABDD00B-9655-4AC3-B98D-8867D9995B42}.Release|x86.Build.0 = Release|Win32
	EndGlobalSection
	GlobalSection(SolutionProperties) = preSolution
		HideSolutionNode = FALSE
	EndGlobalSection
	GlobalSection(ExtensibilityGlobals) = postSolution
		SolutionGuid = {69498F43-E9A2-423F-A72D-148EDDB72C8E}
	EndGlobalSection
EndGlobal
