
Microsoft Visual Studio Solution File, Format Version 12.00
# Visual Studio 15
VisualStudioVersion = 15.0.28307.705
MinimumVisualStudioVersion = 10.0.40219.1
Project("{8BC9CEB8-8B4A-11D0-8D11-00A0C91BC942}") = "DXEngine01_WinSetup", "DXEngine01_WinSetup\DXEngine01_WinSetup.vcxproj", "{52FCE03C-FB4A-4B59-887C-16D265B731B5}"
EndProject
Project("{8BC9CEB8-8B4A-11D0-8D11-00A0C91BC942}") = "DXEngine02_DXSetup", "DXEngine02_DXSetup\DXEngine02_DXSetup.vcxproj", "{D6CEFA6A-40AA-4FA9-8E51-23803D528DEF}"
EndProject
Project("{8BC9CEB8-8B4A-11D0-8D11-00A0C91BC942}") = "DXEngine03_Draw", "DXEngine03_Draw\DXEngine03_Draw.vcxproj", "{CCFC087A-3BC4-4D90-AAF0-C4381A6EA459}"
EndProject
Project("{8BC9CEB8-8B4A-11D0-8D11-00A0C91BC942}") = "DXEngine04_VertexColor", "DXEngine04_VertexColor\DXEngine04_VertexColor.vcxproj", "{FCA78DB9-EB27-49A3-A7AF-BFB64A5CE6E2}"
EndProject
Project("{8BC9CEB8-8B4A-11D0-8D11-00A0C91BC942}") = "DXEngine05_IndexBuffer", "DXEngine05_IndexBuffer\DXEngine05_IndexBuffer.vcxproj", "{90540B71-281E-4054-8F60-9BBA429C4E27}"
EndProject
Project("{8BC9CEB8-8B4A-11D0-8D11-00A0C91BC942}") = "DXEngine06_WVP", "DXEngine06_WVP\DXEngine06_WVP.vcxproj", "{A1E6AE50-5102-45A5-9909-3159EDBCFBE0}"
EndProject
Project("{8BC9CEB8-8B4A-11D0-8D11-00A0C91BC942}") = "DXEngine07_TextureMapping", "DXEngine07_TextureMapping\DXEngine07_TextureMapping.vcxproj", "{1ABDD00B-9655-4AC3-B98D-8867D9995B42}"
EndProject
Project("{8BC9CEB8-8B4A-11D0-8D11-00A0C91BC942}") = "DXEngine08_FBXLoader", "DXEngine08_FBXLoader\DXEngine08_FBXLoader.vcxproj", "{D37A2B7F-7B73-4169-BA61-C4A139D1D55D}"
EndProject
Project("{8BC9CEB8-8B4A-11D0-8D11-00A0C91BC942}") = "DXEngine09_Diffuse", "DXEngine09_Diffuse\DXEngine09_Diffuse.vcxproj", "{DD2412FF-088F-4BF7-97B2-C3CD6BC3EFFD}"
EndProject
Project("{8BC9CEB8-8B4A-11D0-8D11-00A0C91BC942}") = "DXEngine10_Specular", "DXEngine10_Specular\DXEngine10_Specular.vcxproj", "{81A8A7ED-D766-48DC-A419-12254078C345}"
EndProject
Project("{8BC9CEB8-8B4A-11D0-8D11-00A0C91BC942}") = "DXEngine11_Toon", "DXEngine11_Toon\DXEngine11_Toon.vcxproj", "{12FEE88E-92E7-4C75-82A4-06FFB55A39FA}"
EndProject
Project("{8BC9CEB8-8B4A-11D0-8D11-00A0C91BC942}") = "DXEngine12_Material", "DXEngine12_Material\DXEngine12_Material.vcxproj", "{386FEF61-F5EC-44DF-A66E-3321F21985C5}"
EndProject
Project("{8BC9CEB8-8B4A-11D0-8D11-00A0C91BC942}") = "DXEngine13_TwoObjects", "DXEngine13_TwoObjects\DXEngine13_TwoObjects.vcxproj", "{509DB973-8598-4935-A1CF-2BF0BB50747D}"
EndProject
Global
	GlobalSection(SolutionConfigurationPlatforms) = preSolution
		Debug|x64 = Debug|x64
		Debug|x86 = Debug|x86
		Release|x64 = Release|x64
		Release|x86 = Release|x86
	EndGlobalSection
	GlobalSection(ProjectConfigurationPlatforms) = postSolution
		{52FCE03C-FB4A-4B59-887C-16D265B731B5}.Debug|x64.ActiveCfg = Debug|x64
		{52FCE03C-FB4A-4B59-887C-16D265B731B5}.Debug|x64.Build.0 = Debug|x64
		{52FCE03C-FB4A-4B59-887C-16D265B731B5}.Debug|x86.ActiveCfg = Debug|Win32
		{52FCE03C-FB4A-4B59-887C-16D265B731B5}.Debug|x86.Build.0 = Debug|Win32
		{52FCE03C-FB4A-4B59-887C-16D265B731B5}.Release|x64.ActiveCfg = Release|x64
		{52FCE03C-FB4A-4B59-887C-16D265B731B5}.Release|x64.Build.0 = Release|x64
		{52FCE03C-FB4A-4B59-887C-16D265B731B5}.Release|x86.ActiveCfg = Release|Win32
		{52FCE03C-FB4A-4B59-887C-16D265B731B5}.Release|x86.Build.0 = Release|Win32
		{D6CEFA6A-40AA-4FA9-8E51-23803D528DEF}.Debug|x64.ActiveCfg = Debug|x64
		{D6CEFA6A-40AA-4FA9-8E51-23803D528DEF}.Debug|x64.Build.0 = Debug|x64
		{D6CEFA6A-40AA-4FA9-8E51-23803D528DEF}.Debug|x86.ActiveCfg = Debug|Win32
		{D6CEFA6A-40AA-4FA9-8E51-23803D528DEF}.Debug|x86.Build.0 = Debug|Win32
		{D6CEFA6A-40AA-4FA9-8E51-23803D528DEF}.Release|x64.ActiveCfg = Release|x64
		{D6CEFA6A-40AA-4FA9-8E51-23803D528DEF}.Release|x64.Build.0 = Release|x64
		{D6CEFA6A-40AA-4FA9-8E51-23803D528DEF}.Release|x86.ActiveCfg = Release|Win32
		{D6CEFA6A-40AA-4FA9-8E51-23803D528DEF}.Release|x86.Build.0 = Release|Win32
		{CCFC087A-3BC4-4D90-AAF0-C4381A6EA459}.Debug|x64.ActiveCfg = Debug|x64
		{CCFC087A-3BC4-4D90-AAF0-C4381A6EA459}.Debug|x64.Build.0 = Debug|x64
		{CCFC087A-3BC4-4D90-AAF0-C4381A6EA459}.Debug|x86.ActiveCfg = Debug|Win32
		{CCFC087A-3BC4-4D90-AAF0-C4381A6EA459}.Debug|x86.Build.0 = Debug|Win32
		{CCFC087A-3BC4-4D90-AAF0-C4381A6EA459}.Release|x64.ActiveCfg = Release|x64
		{CCFC087A-3BC4-4D90-AAF0-C4381A6EA459}.Release|x64.Build.0 = Release|x64
		{CCFC087A-3BC4-4D90-AAF0-C4381A6EA459}.Release|x86.ActiveCfg = Release|Win32
		{CCFC087A-3BC4-4D90-AAF0-C4381A6EA459}.Release|x86.Build.0 = Release|Win32
		{FCA78DB9-EB27-49A3-A7AF-BFB64A5CE6E2}.Debug|x64.ActiveCfg = Debug|x64
		{FCA78DB9-EB27-49A3-A7AF-BFB64A5CE6E2}.Debug|x64.Build.0 = Debug|x64
		{FCA78DB9-EB27-49A3-A7AF-BFB64A5CE6E2}.Debug|x86.ActiveCfg = Debug|Win32
		{FCA78DB9-EB27-49A3-A7AF-BFB64A5CE6E2}.Debug|x86.Build.0 = Debug|Win32
		{FCA78DB9-EB27-49A3-A7AF-BFB64A5CE6E2}.Release|x64.ActiveCfg = Release|x64
		{FCA78DB9-EB27-49A3-A7AF-BFB64A5CE6E2}.Release|x64.Build.0 = Release|x64
		{FCA78DB9-EB27-49A3-A7AF-BFB64A5CE6E2}.Release|x86.ActiveCfg = Release|Win32
		{FCA78DB9-EB27-49A3-A7AF-BFB64A5CE6E2}.Release|x86.Build.0 = Release|Win32
		{90540B71-281E-4054-8F60-9BBA429C4E27}.Debug|x64.ActiveCfg = Debug|x64
		{90540B71-281E-4054-8F60-9BBA429C4E27}.Debug|x64.Build.0 = Debug|x64
		{90540B71-281E-4054-8F60-9BBA429C4E27}.Debug|x86.ActiveCfg = Debug|Win32
		{90540B71-281E-4054-8F60-9BBA429C4E27}.Debug|x86.Build.0 = Debug|Win32
		{90540B71-281E-4054-8F60-9BBA429C4E27}.Release|x64.ActiveCfg = Release|x64
		{90540B71-281E-4054-8F60-9BBA429C4E27}.Release|x64.Build.0 = Release|x64
		{90540B71-281E-4054-8F60-9BBA429C4E27}.Release|x86.ActiveCfg = Release|Win32
		{90540B71-281E-4054-8F60-9BBA429C4E27}.Release|x86.Build.0 = Release|Win32
		{A1E6AE50-5102-45A5-9909-3159EDBCFBE0}.Debug|x64.ActiveCfg = Debug|x64
		{A1E6AE50-5102-45A5-9909-3159EDBCFBE0}.Debug|x64.Build.0 = Debug|x64
		{A1E6AE50-5102-45A5-9909-3159EDBCFBE0}.Debug|x86.ActiveCfg = Debug|Win32
		{A1E6AE50-5102-45A5-9909-3159EDBCFBE0}.Debug|x86.Build.0 = Debug|Win32
		{A1E6AE50-5102-45A5-9909-3159EDBCFBE0}.Release|x64.ActiveCfg = Release|x64
		{A1E6AE50-5102-45A5-9909-3159EDBCFBE0}.Release|x64.Build.0 = Release|x64
		{A1E6AE50-5102-45A5-9909-3159EDBCFBE0}.Release|x86.ActiveCfg = Release|Win32
		{A1E6AE50-5102-45A5-9909-3159EDBCFBE0}.Release|x86.Build.0 = Release|Win32
		{1ABDD00B-9655-4AC3-B98D-8867D9995B42}.Debug|x64.ActiveCfg = Debug|x64
		{1ABDD00B-9655-4AC3-B98D-8867D9995B42}.Debug|x64.Build.0 = Debug|x64
		{1ABDD00B-9655-4AC3-B98D-8867D9995B42}.Debug|x86.ActiveCfg = Debug|Win32
		{1ABDD00B-9655-4AC3-B98D-8867D9995B42}.Debug|x86.Build.0 = Debug|Win32
		{1ABDD00B-9655-4AC3-B98D-8867D9995B42}.Release|x64.ActiveCfg = Release|x64
		{1ABDD00B-9655-4AC3-B98D-8867D9995B42}.Release|x64.Build.0 = Release|x64
		{1ABDD00B-9655-4AC3-B98D-8867D9995B42}.Release|x86.ActiveCfg = Release|Win32
		{1ABDD00B-9655-4AC3-B98D-8867D9995B42}.Release|x86.Build.0 = Release|Win32
		{D37A2B7F-7B73-4169-BA61-C4A139D1D55D}.Debug|x64.ActiveCfg = Debug|x64
		{D37A2B7F-7B73-4169-BA61-C4A139D1D55D}.Debug|x64.Build.0 = Debug|x64
		{D37A2B7F-7B73-4169-BA61-C4A139D1D55D}.Debug|x86.ActiveCfg = Debug|Win32
		{D37A2B7F-7B73-4169-BA61-C4A139D1D55D}.Debug|x86.Build.0 = Debug|Win32
		{D37A2B7F-7B73-4169-BA61-C4A139D1D55D}.Release|x64.ActiveCfg = Release|x64
		{D37A2B7F-7B73-4169-BA61-C4A139D1D55D}.Release|x64.Build.0 = Release|x64
		{D37A2B7F-7B73-4169-BA61-C4A139D1D55D}.Release|x86.ActiveCfg = Release|Win32
		{D37A2B7F-7B73-4169-BA61-C4A139D1D55D}.Release|x86.Build.0 = Release|Win32
		{DD2412FF-088F-4BF7-97B2-C3CD6BC3EFFD}.Debug|x64.ActiveCfg = Debug|x64
		{DD2412FF-088F-4BF7-97B2-C3CD6BC3EFFD}.Debug|x64.Build.0 = Debug|x64
		{DD2412FF-088F-4BF7-97B2-C3CD6BC3EFFD}.Debug|x86.ActiveCfg = Debug|Win32
		{DD2412FF-088F-4BF7-97B2-C3CD6BC3EFFD}.Debug|x86.Build.0 = Debug|Win32
		{DD2412FF-088F-4BF7-97B2-C3CD6BC3EFFD}.Release|x64.ActiveCfg = Release|x64
		{DD2412FF-088F-4BF7-97B2-C3CD6BC3EFFD}.Release|x64.Build.0 = Release|x64
		{DD2412FF-088F-4BF7-97B2-C3CD6BC3EFFD}.Release|x86.ActiveCfg = Release|Win32
		{DD2412FF-088F-4BF7-97B2-C3CD6BC3EFFD}.Release|x86.Build.0 = Release|Win32
		{81A8A7ED-D766-48DC-A419-12254078C345}.Debug|x64.ActiveCfg = Debug|x64
		{81A8A7ED-D766-48DC-A419-12254078C345}.Debug|x64.Build.0 = Debug|x64
		{81A8A7ED-D766-48DC-A419-12254078C345}.Debug|x86.ActiveCfg = Debug|Win32
		{81A8A7ED-D766-48DC-A419-12254078C345}.Debug|x86.Build.0 = Debug|Win32
		{81A8A7ED-D766-48DC-A419-12254078C345}.Release|x64.ActiveCfg = Release|x64
		{81A8A7ED-D766-48DC-A419-12254078C345}.Release|x64.Build.0 = Release|x64
		{81A8A7ED-D766-48DC-A419-12254078C345}.Release|x86.ActiveCfg = Release|Win32
		{81A8A7ED-D766-48DC-A419-12254078C345}.Release|x86.Build.0 = Release|Win32
		{12FEE88E-92E7-4C75-82A4-06FFB55A39FA}.Debug|x64.ActiveCfg = Debug|x64
		{12FEE88E-92E7-4C75-82A4-06FFB55A39FA}.Debug|x64.Build.0 = Debug|x64
		{12FEE88E-92E7-4C75-82A4-06FFB55A39FA}.Debug|x86.ActiveCfg = Debug|Win32
		{12FEE88E-92E7-4C75-82A4-06FFB55A39FA}.Debug|x86.Build.0 = Debug|Win32
		{12FEE88E-92E7-4C75-82A4-06FFB55A39FA}.Release|x64.ActiveCfg = Release|x64
		{12FEE88E-92E7-4C75-82A4-06FFB55A39FA}.Release|x64.Build.0 = Release|x64
		{12FEE88E-92E7-4C75-82A4-06FFB55A39FA}.Release|x86.ActiveCfg = Release|Win32
		{12FEE88E-92E7-4C75-82A4-06FFB55A39FA}.Release|x86.Build.0 = Release|Win32
		{386FEF61-F5EC-44DF-A66E-3321F21985C5}.Debug|x64.ActiveCfg = Debug|x64
		{386FEF61-F5EC-44DF-A66E-3321F21985C5}.Debug|x64.Build.0 = Debug|x64
		{386FEF61-F5EC-44DF-A66E-3321F21985C5}.Debug|x86.ActiveCfg = Debug|Win32
		{386FEF61-F5EC-44DF-A66E-3321F21985C5}.Debug|x86.Build.0 = Debug|Win32
		{386FEF61-F5EC-44DF-A66E-3321F21985C5}.Release|x64.ActiveCfg = Release|x64
		{386FEF61-F5EC-44DF-A66E-3321F21985C5}.Release|x64.Build.0 = Release|x64
		{386FEF61-F5EC-44DF-A66E-3321F21985C5}.Release|x86.ActiveCfg = Release|Win32
		{386FEF61-F5EC-44DF-A66E-3321F21985C5}.Release|x86.Build.0 = Release|Win32
		{509DB973-8598-4935-A1CF-2BF0BB50747D}.Debug|x64.ActiveCfg = Debug|x64
		{509DB973-8598-4935-A1CF-2BF0BB50747D}.Debug|x64.Build.0 = Debug|x64
		{509DB973-8598-4935-A1CF-2BF0BB50747D}.Debug|x86.ActiveCfg = Debug|Win32
		{509DB973-8598-4935-A1CF-2BF0BB50747D}.Debug|x86.Build.0 = Debug|Win32
		{509DB973-8598-4935-A1CF-2BF0BB50747D}.Release|x64.ActiveCfg = Release|x64
		{509DB973-8598-4935-A1CF-2BF0BB50747D}.Release|x64.Build.0 = Release|x64
		{509DB973-8598-4935-A1CF-2BF0BB50747D}.Release|x86.ActiveCfg = Release|Win32
		{509DB973-8598-4935-A1CF-2BF0BB50747D}.Release|x86.Build.0 = Release|Win32
	EndGlobalSection
	GlobalSection(SolutionProperties) = preSolution
		HideSolutionNode = FALSE
	EndGlobalSection
	GlobalSection(ExtensibilityGlobals) = postSolution
		SolutionGuid = {69498F43-E9A2-423F-A72D-148EDDB72C8E}
	EndGlobalSection
EndGlobal
