<?xml version="1.0" encoding="utf-8"?>
<Project ToolsVersion="4.0" xmlns="http://schemas.microsoft.com/developer/msbuild/2003">
  <ItemGroup>
    <Filter Include="리소스 파일">
      <UniqueIdentifier>{67DA6AB6-F800-4c08-8B7A-83BB121AAD01}</UniqueIdentifier>
      <Extensions>rc;ico;cur;bmp;dlg;rc2;rct;bin;rgs;gif;jpg;jpeg;jpe;resx;tiff;tif;png;wav;mfcribbon-ms</Extensions>
    </Filter>
    <Filter Include="Shader">
      <UniqueIdentifier>{6dd98a08-bcfb-437c-afe5-201f517ca4e3}</UniqueIdentifier>
    </Filter>
    <Filter Include="Engine">
      <UniqueIdentifier>{260d91fb-35e4-4112-abdf-1d67b8c32190}</UniqueIdentifier>
    </Filter>
    <Filter Include="Engine\소스 파일">
      <UniqueIdentifier>{4FC737F1-C7A5-4376-A066-2A32D752A2FF}</UniqueIdentifier>
      <Extensions>cpp;c;cc;cxx;def;odl;idl;hpj;bat;asm;asmx</Extensions>
    </Filter>
    <Filter Include="Engine\헤더 파일">
      <UniqueIdentifier>{93995380-89BD-4b04-88EB-625FBE52EBFB}</UniqueIdentifier>
      <Extensions>h;hh;hpp;hxx;hm;inl;inc;ipp;xsd</Extensions>
    </Filter>
    <Filter Include="Library">
      <UniqueIdentifier>{cb4162e7-798c-42dd-9b3f-34fce3ca74c0}</UniqueIdentifier>
    </Filter>
  </ItemGroup>
  <ItemGroup>
    <ClCompile Include="Engine\AppWindow.cpp">
      <Filter>Engine\소스 파일</Filter>
    </ClCompile>
    <ClCompile Include="Engine\DXApp.cpp">
      <Filter>Engine\소스 파일</Filter>
    </ClCompile>
    <ClCompile Include="Engine\DXUtil.cpp">
      <Filter>Engine\소스 파일</Filter>
    </ClCompile>
    <ClCompile Include="Engine\Engine.cpp">
      <Filter>Engine\소스 파일</Filter>
    </ClCompile>
    <ClCompile Include="Engine\MainApp.cpp">
      <Filter>Engine\소스 파일</Filter>
    </ClCompile>
    <ClCompile Include="Engine\PixelShader.cpp">
      <Filter>Engine\소스 파일</Filter>
    </ClCompile>
    <ClCompile Include="Engine\Mesh.cpp">
      <Filter>Engine\소스 파일</Filter>
    </ClCompile>
    <ClCompile Include="Engine\Shader.cpp">
      <Filter>Engine\소스 파일</Filter>
    </ClCompile>
    <ClCompile Include="Engine\VertexShader.cpp">
      <Filter>Engine\소스 파일</Filter>
    </ClCompile>
    <ClCompile Include="Engine\Texture.cpp">
      <Filter>Engine\소스 파일</Filter>
    </ClCompile>
    <ClCompile Include="Library\FBXLoader.cpp">
      <Filter>Library</Filter>
    </ClCompile>
    <ClCompile Include="Engine\Vertex.cpp">
      <Filter>Engine\소스 파일</Filter>
    </ClCompile>
    <ClCompile Include="Engine\Material.cpp">
      <Filter>Engine\소스 파일</Filter>
    </ClCompile>
    <ClCompile Include="Engine\Camera.cpp">
      <Filter>Engine\소스 파일</Filter>
    </ClCompile>
    <ClCompile Include="Engine\InputClass.cpp">
      <Filter>Engine\소스 파일</Filter>
    </ClCompile>
  </ItemGroup>
  <ItemGroup>
    <ClInclude Include="Engine\AppWindow.h">
      <Filter>Engine\헤더 파일</Filter>
    </ClInclude>
    <ClInclude Include="Engine\DXApp.h">
      <Filter>Engine\헤더 파일</Filter>
    </ClInclude>
    <ClInclude Include="Engine\DXUtil.h">
      <Filter>Engine\헤더 파일</Filter>
    </ClInclude>
    <ClInclude Include="Engine\Engine.h">
      <Filter>Engine\헤더 파일</Filter>
    </ClInclude>
    <ClInclude Include="Engine\Mesh.h">
      <Filter>Engine\헤더 파일</Filter>
    </ClInclude>
    <ClInclude Include="Engine\PixelShader.h">
      <Filter>Engine\헤더 파일</Filter>
    </ClInclude>
    <ClInclude Include="Engine\Shader.h">
      <Filter>Engine\헤더 파일</Filter>
    </ClInclude>
    <ClInclude Include="Engine\VertexShader.h">
      <Filter>Engine\헤더 파일</Filter>
    </ClInclude>
    <ClInclude Include="Library\DirectXTex.h">
      <Filter>Library</Filter>
    </ClInclude>
    <ClInclude Include="Engine\Texture.h">
      <Filter>Engine\헤더 파일</Filter>
    </ClInclude>
    <ClInclude Include="Library\FBXLoader.h">
      <Filter>Library</Filter>
    </ClInclude>
    <ClInclude Include="Engine\Vertex.h">
      <Filter>Engine\헤더 파일</Filter>
    </ClInclude>
    <ClInclude Include="Engine\Material.h">
      <Filter>Engine\헤더 파일</Filter>
    </ClInclude>
    <ClInclude Include="Engine\Camera.h">
      <Filter>Engine\헤더 파일</Filter>
    </ClInclude>
    <ClInclude Include="Library\Keyboard.h">
      <Filter>Library</Filter>
    </ClInclude>
    <ClInclude Include="Library\Mouse.h">
      <Filter>Library</Filter>
    </ClInclude>
    <ClInclude Include="Engine\InputClass.h">
      <Filter>Engine\헤더 파일</Filter>
    </ClInclude>
  </ItemGroup>
  <ItemGroup>
    <None Include="Shader\VS.fx">
      <Filter>Shader</Filter>
    </None>
    <None Include="Shader\DiffusePS.fx">
      <Filter>Shader</Filter>
    </None>
    <None Include="Shader\DiffuseVS.fx">
      <Filter>Shader</Filter>
    </None>
    <None Include="Shader\PS.fx">
      <Filter>Shader</Filter>
    </None>
    <None Include="Shader\SpecularVS.fx">
      <Filter>Shader</Filter>
    </None>
    <None Include="Shader\ToonPS.fx">
      <Filter>Shader</Filter>
    </None>
    <None Include="Shader\ToonVS.fx">
      <Filter>Shader</Filter>
    </None>
    <None Include="Shader\SpecularPS.fx">
      <Filter>Shader</Filter>
    </None>
  </ItemGroup>
</Project>